{
  "nodes": {
    "flake-utils": {
      "inputs": {
        "systems": "systems"
      },
      "locked": {
        "lastModified": 1731533236,
        "narHash": "sha256-l0KFg5HjrsfsO/JpG+r7fRrqm12kzFHyUHqHCVpMMbI=",
        "owner": "numtide",
        "repo": "flake-utils",
        "rev": "11707dc2f618dd54ca8739b309ec4fc024de578b",
        "type": "github"
      },
      "original": {
        "owner": "numtide",
        "repo": "flake-utils",
        "type": "github"
      }
    },
    "flake-utils_2": {
      "inputs": {
        "systems": "systems_2"
      },
      "locked": {
        "lastModified": 1731533236,
        "narHash": "sha256-l0KFg5HjrsfsO/JpG+r7fRrqm12kzFHyUHqHCVpMMbI=",
        "owner": "numtide",
        "repo": "flake-utils",
        "rev": "11707dc2f618dd54ca8739b309ec4fc024de578b",
        "type": "github"
      },
      "original": {
        "owner": "numtide",
        "repo": "flake-utils",
        "type": "github"
      }
    },
    "nixpkgs": {
      "locked": {
        "lastModified": 1771676768,
        "narHash": "sha256-FIh7BAMAEdV6kKT84Bx5ZeQhjxqt/Du52j4J8YraMy4=",
        "owner": "rstats-on-nix",
        "repo": "nixpkgs",
        "rev": "5d48e3e2f194b2457f167f066a04d5f7d68396fa",
        "type": "github"
      },
      "original": {
        "owner": "rstats-on-nix",
        "ref": "2026-02-21",
        "repo": "nixpkgs",
        "type": "github"
      }
    },
    "nixpkgs_2": {
      "locked": {
        "lastModified": 1770598468,
        "narHash": "sha256-dvT2zuyawibwJ7kaDCOOXLT4pJr87CkI4iN/LJFcdoI=",
        "owner": "rstats-on-nix",
        "repo": "nixpkgs",
        "rev": "10ee8277660845d6dbc8117050eca0c6e5992b0f",
        "type": "github"
      },
      "original": {
        "owner": "rstats-on-nix",
        "ref": "2026-02-09",
        "repo": "nixpkgs",
        "type": "github"
      }
    },
    "root": {
      "inputs": {
        "flake-utils": "flake-utils",
        "nixpkgs": "nixpkgs",
        "t-lang": "t-lang"
      }
    },
    "systems": {
      "locked": {
        "lastModified": 1681028828,
        "narHash": "sha256-Vy1rq5AaRuLzOxct8nz4T6wlgyUR7zLU309k9mBC768=",
        "owner": "nix-systems",
        "repo": "default",
        "rev": "da67096a3b9bf56a91d16901293e51ba5b49a27e",
        "type": "github"
      },
      "original": {
        "owner": "nix-systems",
        "repo": "default",
        "type": "github"
      }
    },
    "systems_2": {
      "locked": {
        "lastModified": 1681028828,
        "narHash": "sha256-Vy1rq5AaRuLzOxct8nz4T6wlgyUR7zLU309k9mBC768=",
        "owner": "nix-systems",
        "repo": "default",
        "rev": "da67096a3b9bf56a91d16901293e51ba5b49a27e",
        "type": "github"
      },
      "original": {
        "owner": "nix-systems",
        "repo": "default",
        "type": "github"
      }
    },
    "t-lang": {
      "inputs": {
        "flake-utils": "flake-utils_2",
        "nixpkgs": "nixpkgs_2"
      },
      "locked": {
        "lastModified": 1771754649,
        "narHash": "sha256-FrB1zzHo+oOqRSJPhFG5iQ5aOB0vdpy+goOeAMHx3gk=",
        "owner": "b-rodrigues",
        "repo": "tlang",
        "rev": "20247db4057ce5f077a4e48fcb5bde6439aa41be",
        "type": "github"
      },
      "original": {
        "owner": "b-rodrigues",
        "repo": "tlang",
        "rev": "20247db4057ce5f077a4e48fcb5bde6439aa41be",
        "type": "github"
      }
    }
  },
  "root": "root",
  "version": 7
}
