{
  "nodes": {
    "flake-utils": {
      "inputs": {
        "systems": "systems"
      },
      "locked": {
        "lastModified": 1731533236,
        "narHash": "sha256-l0KFg5HjrsfsO/JpG+r7fRrqm12kzFHyUHqHCVpMMbI=",
        "owner": "numtide",
        "repo": "flake-utils",
        "rev": "11707dc2f618dd54ca8739b309ec4fc024de578b",
        "type": "github"
      },
      "original": {
        "owner": "numtide",
        "repo": "flake-utils",
        "type": "github"
      }
    },
    "flake-utils_2": {
      "inputs": {
        "systems": "systems_2"
      },
      "locked": {
        "lastModified": 1731533236,
        "narHash": "sha256-l0KFg5HjrsfsO/JpG+r7fRrqm12kzFHyUHqHCVpMMbI=",
        "owner": "numtide",
        "repo": "flake-utils",
        "rev": "11707dc2f618dd54ca8739b309ec4fc024de578b",
        "type": "github"
      },
      "original": {
        "owner": "numtide",
        "repo": "flake-utils",
        "type": "github"
      }
    },
    "nixpkgs": {
      "locked": {
        "lastModified": 1771936151,
        "narHash": "sha256-cJfens368J6Q9l2dbPI+WtkT9CMTwPlcgL00QLx6n4s=",
        "owner": "rstats-on-nix",
        "repo": "nixpkgs",
        "rev": "580ff8b0feab4945d227f0bfa22b60373d6e79dd",
        "type": "github"
      },
      "original": {
        "owner": "rstats-on-nix",
        "ref": "2026-02-24",
        "repo": "nixpkgs",
        "type": "github"
      }
    },
    "nixpkgs_2": {
      "locked": {
        "lastModified": 1770598468,
        "narHash": "sha256-dvT2zuyawibwJ7kaDCOOXLT4pJr87CkI4iN/LJFcdoI=",
        "owner": "rstats-on-nix",
        "repo": "nixpkgs",
        "rev": "10ee8277660845d6dbc8117050eca0c6e5992b0f",
        "type": "github"
      },
      "original": {
        "owner": "rstats-on-nix",
        "ref": "2026-02-09",
        "repo": "nixpkgs",
        "type": "github"
      }
    },
    "root": {
      "inputs": {
        "flake-utils": "flake-utils",
        "nixpkgs": "nixpkgs",
        "t-lang": "t-lang"
      }
    },
    "systems": {
      "locked": {
        "lastModified": 1681028828,
        "narHash": "sha256-Vy1rq5AaRuLzOxct8nz4T6wlgyUR7zLU309k9mBC768=",
        "owner": "nix-systems",
        "repo": "default",
        "rev": "da67096a3b9bf56a91d16901293e51ba5b49a27e",
        "type": "github"
      },
      "original": {
        "owner": "nix-systems",
        "repo": "default",
        "type": "github"
      }
    },
    "systems_2": {
      "locked": {
        "lastModified": 1681028828,
        "narHash": "sha256-Vy1rq5AaRuLzOxct8nz4T6wlgyUR7zLU309k9mBC768=",
        "owner": "nix-systems",
        "repo": "default",
        "rev": "da67096a3b9bf56a91d16901293e51ba5b49a27e",
        "type": "github"
      },
      "original": {
        "owner": "nix-systems",
        "repo": "default",
        "type": "github"
      }
    },
    "t-lang": {
      "inputs": {
        "flake-utils": "flake-utils_2",
        "nixpkgs": "nixpkgs_2"
      },
      "locked": {
        "lastModified": 1771945022,
        "narHash": "sha256-r71YnsojNw7XLSxgR2qJTxlV8grQTl/8IGyTZ5j2mPo=",
        "owner": "b-rodrigues",
        "repo": "tlang",
        "rev": "bf1245bd55882e8864e5b8947f99b2cbcdaa8159",
        "type": "github"
      },
      "original": {
        "owner": "b-rodrigues",
        "repo": "tlang",
        "rev": "bf1245bd55882e8864e5b8947f99b2cbcdaa8159",
        "type": "github"
      }
    }
  },
  "root": "root",
  "version": 7
}
